
Microsoft Visual Studio Solution File, Format Version 12.00
# Visual Studio Version 17
VisualStudioVersion = 17.6.33723.286
MinimumVisualStudioVersion = 10.0.40219.1
Project("{FAE04EC0-301F-11D3-BF4B-00C04F79EFBC}") = "Lesson15", "Lesson15\Lesson15.csproj", "{03AC8C6B-0611-4C3D-882D-A429D4F199A5}"
EndProject
Global
	GlobalSection(SolutionConfigurationPlatforms) = preSolution
		Debug|Any CPU = Debug|Any CPU
		Release|Any CPU = Release|Any CPU
	EndGlobalSection
	GlobalSection(ProjectConfigurationPlatforms) = postSolution
		{03AC8C6B-0611-4C3D-882D-A429D4F199A5}.Debug|Any CPU.ActiveCfg = Debug|Any CPU
		{03AC8C6B-0611-4C3D-882D-A429D4F199A5}.Debug|Any CPU.Build.0 = Debug|Any CPU
		{03AC8C6B-0611-4C3D-882D-A429D4F199A5}.Release|Any CPU.ActiveCfg = Release|Any CPU
		{03AC8C6B-0611-4C3D-882D-A429D4F199A5}.Release|Any CPU.Build.0 = Release|Any CPU
	EndGlobalSection
	GlobalSection(SolutionProperties) = preSolution
		HideSolutionNode = FALSE
	EndGlobalSection
	GlobalSection(ExtensibilityGlobals) = postSolution
		SolutionGuid = {76C9C83D-DC6D-42AA-AE3D-8CFD6CC485EA}
	EndGlobalSection
EndGlobal
